
Microsoft Visual Studio Solution File, Format Version 12.00
# Visual Studio 15
VisualStudioVersion = 15.0.28010.0
MinimumVisualStudioVersion = 10.0.40219.1
Project("{FAE04EC0-301F-11D3-BF4B-00C04F79EFBC}") = "INF3", "INF3\INF3.csproj", "{6F88E68A-256B-4427-8689-F09F6066E089}"
EndProject
Project("{FAE04EC0-301F-11D3-BF4B-00C04F79EFBC}") = "INF3-EasyMapEdit", "INF3-EasyMapEdit\INF3-EasyMapEdit.csproj", "{B0F0D971-0AD6-4E65-9DEA-8059BE78A00E}"
EndProject
Global
	GlobalSection(SolutionConfigurationPlatforms) = preSolution
		Debug|Any CPU = Debug|Any CPU
		Release|Any CPU = Release|Any CPU
	EndGlobalSection
	GlobalSection(ProjectConfigurationPlatforms) = postSolution
		{6F88E68A-256B-4427-8689-F09F6066E089}.Debug|Any CPU.ActiveCfg = Debug|Any CPU
		{6F88E68A-256B-4427-8689-F09F6066E089}.Debug|Any CPU.Build.0 = Debug|Any CPU
		{6F88E68A-256B-4427-8689-F09F6066E089}.Release|Any CPU.ActiveCfg = Release|Any CPU
		{6F88E68A-256B-4427-8689-F09F6066E089}.Release|Any CPU.Build.0 = Release|Any CPU
		{B0F0D971-0AD6-4E65-9DEA-8059BE78A00E}.Debug|Any CPU.ActiveCfg = Debug|Any CPU
		{B0F0D971-0AD6-4E65-9DEA-8059BE78A00E}.Debug|Any CPU.Build.0 = Debug|Any CPU
		{B0F0D971-0AD6-4E65-9DEA-8059BE78A00E}.Release|Any CPU.ActiveCfg = Release|Any CPU
		{B0F0D971-0AD6-4E65-9DEA-8059BE78A00E}.Release|Any CPU.Build.0 = Release|Any CPU
	EndGlobalSection
	GlobalSection(SolutionProperties) = preSolution
		HideSolutionNode = FALSE
	EndGlobalSection
	GlobalSection(ExtensibilityGlobals) = postSolution
		SolutionGuid = {89CD89F6-A7D3-4D6E-AE65-5040F071515C}
	EndGlobalSection
EndGlobal
